// !$*UTF8*$!
{
	archiveVersion = 1;
	classes = {
	};
	objectVersion = 55;
	objects = {

/* Begin PBXBuildFile section */
		A5E020AE5E13AC7CEB65DB6D /* libPods-FinDemo.a in Frameworks */ = {isa = PBXBuildFile; fileRef = F92103C497B51062D53EACA4 /* libPods-FinDemo.a */; };
		D60E44C32A25BFF500F256B1 /* FinCustomUIViewController.m in Sources */ = {isa = PBXBuildFile; fileRef = D60E44C22A25BFF500F256B1 /* FinCustomUIViewController.m */; };
		D60E44C52A25C2E700F256B1 /* finclipLogin.zip in Resources */ = {isa = PBXBuildFile; fileRef = D60E44C42A25C2E600F256B1 /* finclipLogin.zip */; };
		D60E44C82A25C56600F256B1 /* FinDelegateViewController.m in Sources */ = {isa = PBXBuildFile; fileRef = D60E44C72A25C56600F256B1 /* FinDelegateViewController.m */; };
		D6471C012A2485AC0054EF34 /* AppDelegate.m in Sources */ = {isa = PBXBuildFile; fileRef = D6471C002A2485AC0054EF34 /* AppDelegate.m */; };
		D6471C072A2485AC0054EF34 /* ViewController.m in Sources */ = {isa = PBXBuildFile; fileRef = D6471C062A2485AC0054EF34 /* ViewController.m */; };
		D6471C0A2A2485AC0054EF34 /* Main.storyboard in Resources */ = {isa = PBXBuildFile; fileRef = D6471C082A2485AC0054EF34 /* Main.storyboard */; };
		D6471C0C2A2485AF0054EF34 /* Assets.xcassets in Resources */ = {isa = PBXBuildFile; fileRef = D6471C0B2A2485AF0054EF34 /* Assets.xcassets */; };
		D6471C0F2A2485AF0054EF34 /* LaunchScreen.storyboard in Resources */ = {isa = PBXBuildFile; fileRef = D6471C0D2A2485AF0054EF34 /* LaunchScreen.storyboard */; };
		D6471C122A2485AF0054EF34 /* main.m in Sources */ = {isa = PBXBuildFile; fileRef = D6471C112A2485AF0054EF34 /* main.m */; };
		D6471C242A2496B70054EF34 /* FinStartAppletViewController.m in Sources */ = {isa = PBXBuildFile; fileRef = D6471C232A2496B70054EF34 /* FinStartAppletViewController.m */; };
		D6471C272A2496E30054EF34 /* FinManageViewController.m in Sources */ = {isa = PBXBuildFile; fileRef = D6471C262A2496E30054EF34 /* FinManageViewController.m */; };
		D6471C2A2A2595000054EF34 /* FinNormalStartViewController.m in Sources */ = {isa = PBXBuildFile; fileRef = D6471C292A2595000054EF34 /* FinNormalStartViewController.m */; };
		D6471C2D2A25955C0054EF34 /* FinScanStartViewController.m in Sources */ = {isa = PBXBuildFile; fileRef = D6471C2C2A25955C0054EF34 /* FinScanStartViewController.m */; };
		D6471C302A2598150054EF34 /* FinQRCodeScanViewController.m in Sources */ = {isa = PBXBuildFile; fileRef = D6471C2F2A2598150054EF34 /* FinQRCodeScanViewController.m */; };
		D6471C332A25A36F0054EF34 /* FinCustomApiViewController.m in Sources */ = {isa = PBXBuildFile; fileRef = D6471C322A25A36F0054EF34 /* FinCustomApiViewController.m */; };
/* End PBXBuildFile section */

/* Begin PBXFileReference section */
		5D8C9A62395C924AC1334F55 /* Pods-FinDemo.release.xcconfig */ = {isa = PBXFileReference; includeInIndex = 1; lastKnownFileType = text.xcconfig; name = "Pods-FinDemo.release.xcconfig"; path = "Target Support Files/Pods-FinDemo/Pods-FinDemo.release.xcconfig"; sourceTree = "<group>"; };
		C5CA001A70332B91FE135258 /* Pods-FinDemo.debug.xcconfig */ = {isa = PBXFileReference; includeInIndex = 1; lastKnownFileType = text.xcconfig; name = "Pods-FinDemo.debug.xcconfig"; path = "Target Support Files/Pods-FinDemo/Pods-FinDemo.debug.xcconfig"; sourceTree = "<group>"; };
		D60E44C12A25BFF500F256B1 /* FinCustomUIViewController.h */ = {isa = PBXFileReference; lastKnownFileType = sourcecode.c.h; path = FinCustomUIViewController.h; sourceTree = "<group>"; };
		D60E44C22A25BFF500F256B1 /* FinCustomUIViewController.m */ = {isa = PBXFileReference; lastKnownFileType = sourcecode.c.objc; path = FinCustomUIViewController.m; sourceTree = "<group>"; };
		D60E44C42A25C2E600F256B1 /* finclipLogin.zip */ = {isa = PBXFileReference; lastKnownFileType = archive.zip; path = finclipLogin.zip; sourceTree = "<group>"; };
		D60E44C62A25C56600F256B1 /* FinDelegateViewController.h */ = {isa = PBXFileReference; lastKnownFileType = sourcecode.c.h; path = FinDelegateViewController.h; sourceTree = "<group>"; };
		D60E44C72A25C56600F256B1 /* FinDelegateViewController.m */ = {isa = PBXFileReference; lastKnownFileType = sourcecode.c.objc; path = FinDelegateViewController.m; sourceTree = "<group>"; };
		D6471BFC2A2485AC0054EF34 /* FinDemo.app */ = {isa = PBXFileReference; explicitFileType = wrapper.application; includeInIndex = 0; path = FinDemo.app; sourceTree = BUILT_PRODUCTS_DIR; };
		D6471BFF2A2485AC0054EF34 /* AppDelegate.h */ = {isa = PBXFileReference; lastKnownFileType = sourcecode.c.h; path = AppDelegate.h; sourceTree = "<group>"; };
		D6471C002A2485AC0054EF34 /* AppDelegate.m */ = {isa = PBXFileReference; lastKnownFileType = sourcecode.c.objc; path = AppDelegate.m; sourceTree = "<group>"; };
		D6471C052A2485AC0054EF34 /* ViewController.h */ = {isa = PBXFileReference; lastKnownFileType = sourcecode.c.h; path = ViewController.h; sourceTree = "<group>"; };
		D6471C062A2485AC0054EF34 /* ViewController.m */ = {isa = PBXFileReference; lastKnownFileType = sourcecode.c.objc; path = ViewController.m; sourceTree = "<group>"; };
		D6471C092A2485AC0054EF34 /* Base */ = {isa = PBXFileReference; lastKnownFileType = file.storyboard; name = Base; path = Base.lproj/Main.storyboard; sourceTree = "<group>"; };
		D6471C0B2A2485AF0054EF34 /* Assets.xcassets */ = {isa = PBXFileReference; lastKnownFileType = folder.assetcatalog; path = Assets.xcassets; sourceTree = "<group>"; };
		D6471C0E2A2485AF0054EF34 /* Base */ = {isa = PBXFileReference; lastKnownFileType = file.storyboard; name = Base; path = Base.lproj/LaunchScreen.storyboard; sourceTree = "<group>"; };
		D6471C102A2485AF0054EF34 /* Info.plist */ = {isa = PBXFileReference; lastKnownFileType = text.plist.xml; path = Info.plist; sourceTree = "<group>"; };
		D6471C112A2485AF0054EF34 /* main.m */ = {isa = PBXFileReference; lastKnownFileType = sourcecode.c.objc; path = main.m; sourceTree = "<group>"; };
		D6471C222A2496B60054EF34 /* FinStartAppletViewController.h */ = {isa = PBXFileReference; lastKnownFileType = sourcecode.c.h; path = FinStartAppletViewController.h; sourceTree = "<group>"; };
		D6471C232A2496B70054EF34 /* FinStartAppletViewController.m */ = {isa = PBXFileReference; lastKnownFileType = sourcecode.c.objc; path = FinStartAppletViewController.m; sourceTree = "<group>"; };
		D6471C252A2496E30054EF34 /* FinManageViewController.h */ = {isa = PBXFileReference; lastKnownFileType = sourcecode.c.h; path = FinManageViewController.h; sourceTree = "<group>"; };
		D6471C262A2496E30054EF34 /* FinManageViewController.m */ = {isa = PBXFileReference; lastKnownFileType = sourcecode.c.objc; path = FinManageViewController.m; sourceTree = "<group>"; };
		D6471C282A2595000054EF34 /* FinNormalStartViewController.h */ = {isa = PBXFileReference; lastKnownFileType = sourcecode.c.h; path = FinNormalStartViewController.h; sourceTree = "<group>"; };
		D6471C292A2595000054EF34 /* FinNormalStartViewController.m */ = {isa = PBXFileReference; lastKnownFileType = sourcecode.c.objc; path = FinNormalStartViewController.m; sourceTree = "<group>"; };
		D6471C2B2A25955C0054EF34 /* FinScanStartViewController.h */ = {isa = PBXFileReference; lastKnownFileType = sourcecode.c.h; path = FinScanStartViewController.h; sourceTree = "<group>"; };
		D6471C2C2A25955C0054EF34 /* FinScanStartViewController.m */ = {isa = PBXFileReference; lastKnownFileType = sourcecode.c.objc; path = FinScanStartViewController.m; sourceTree = "<group>"; };
		D6471C2E2A2598150054EF34 /* FinQRCodeScanViewController.h */ = {isa = PBXFileReference; lastKnownFileType = sourcecode.c.h; path = FinQRCodeScanViewController.h; sourceTree = "<group>"; };
		D6471C2F2A2598150054EF34 /* FinQRCodeScanViewController.m */ = {isa = PBXFileReference; lastKnownFileType = sourcecode.c.objc; path = FinQRCodeScanViewController.m; sourceTree = "<group>"; };
		D6471C312A25A36F0054EF34 /* FinCustomApiViewController.h */ = {isa = PBXFileReference; lastKnownFileType = sourcecode.c.h; path = FinCustomApiViewController.h; sourceTree = "<group>"; };
		D6471C322A25A36F0054EF34 /* FinCustomApiViewController.m */ = {isa = PBXFileReference; lastKnownFileType = sourcecode.c.objc; path = FinCustomApiViewController.m; sourceTree = "<group>"; };
		F92103C497B51062D53EACA4 /* libPods-FinDemo.a */ = {isa = PBXFileReference; explicitFileType = archive.ar; includeInIndex = 0; path = "libPods-FinDemo.a"; sourceTree = BUILT_PRODUCTS_DIR; };
/* End PBXFileReference section */

/* Begin PBXFrameworksBuildPhase section */
		D6471BF92A2485AC0054EF34 /* Frameworks */ = {
			isa = PBXFrameworksBuildPhase;
			buildActionMask = 2147483647;
			files = (
				A5E020AE5E13AC7CEB65DB6D /* libPods-FinDemo.a in Frameworks */,
			);
			runOnlyForDeploymentPostprocessing = 0;
		};
/* End PBXFrameworksBuildPhase section */

/* Begin PBXGroup section */
		4986B21812B70137AECC9394 /* Pods */ = {
			isa = PBXGroup;
			children = (
				C5CA001A70332B91FE135258 /* Pods-FinDemo.debug.xcconfig */,
				5D8C9A62395C924AC1334F55 /* Pods-FinDemo.release.xcconfig */,
			);
			path = Pods;
			sourceTree = "<group>";
		};
		D6471BF32A2485AC0054EF34 = {
			isa = PBXGroup;
			children = (
				D6471BFE2A2485AC0054EF34 /* FinDemo */,
				D6471BFD2A2485AC0054EF34 /* Products */,
				4986B21812B70137AECC9394 /* Pods */,
				F49530F1C3FD683C1294DECF /* Frameworks */,
			);
			sourceTree = "<group>";
		};
		D6471BFD2A2485AC0054EF34 /* Products */ = {
			isa = PBXGroup;
			children = (
				D6471BFC2A2485AC0054EF34 /* FinDemo.app */,
			);
			name = Products;
			sourceTree = "<group>";
		};
		D6471BFE2A2485AC0054EF34 /* FinDemo */ = {
			isa = PBXGroup;
			children = (
				D6471BFF2A2485AC0054EF34 /* AppDelegate.h */,
				D6471C002A2485AC0054EF34 /* AppDelegate.m */,
				D6471C052A2485AC0054EF34 /* ViewController.h */,
				D6471C062A2485AC0054EF34 /* ViewController.m */,
				D6471C182A2492340054EF34 /* 功能演示 */,
				D6471C082A2485AC0054EF34 /* Main.storyboard */,
				D6471C0B2A2485AF0054EF34 /* Assets.xcassets */,
				D6471C0D2A2485AF0054EF34 /* LaunchScreen.storyboard */,
				D6471C102A2485AF0054EF34 /* Info.plist */,
				D6471C112A2485AF0054EF34 /* main.m */,
			);
			path = FinDemo;
			sourceTree = "<group>";
		};
		D6471C182A2492340054EF34 /* 功能演示 */ = {
			isa = PBXGroup;
			children = (
				D6471C1C2A2492340054EF34 /* 1.打开小程序 */,
				D6471C1A2A2492340054EF34 /* 2.日志管理 */,
				D6471C1B2A2492340054EF34 /* 3.UI样式自定义 */,
				D6471C212A2492340054EF34 /* 4.api自定义 */,
				D6471C192A2492340054EF34 /* 5.代理方法 */,
			);
			path = "功能演示";
			sourceTree = "<group>";
		};
		D6471C192A2492340054EF34 /* 5.代理方法 */ = {
			isa = PBXGroup;
			children = (
				D60E44C62A25C56600F256B1 /* FinDelegateViewController.h */,
				D60E44C72A25C56600F256B1 /* FinDelegateViewController.m */,
			);
			path = "5.代理方法";
			sourceTree = "<group>";
		};
		D6471C1A2A2492340054EF34 /* 2.日志管理 */ = {
			isa = PBXGroup;
			children = (
				D6471C252A2496E30054EF34 /* FinManageViewController.h */,
				D6471C262A2496E30054EF34 /* FinManageViewController.m */,
			);
			path = "2.日志管理";
			sourceTree = "<group>";
		};
		D6471C1B2A2492340054EF34 /* 3.UI样式自定义 */ = {
			isa = PBXGroup;
			children = (
				D60E44C12A25BFF500F256B1 /* FinCustomUIViewController.h */,
				D60E44C22A25BFF500F256B1 /* FinCustomUIViewController.m */,
			);
			path = "3.UI样式自定义";
			sourceTree = "<group>";
		};
		D6471C1C2A2492340054EF34 /* 1.打开小程序 */ = {
			isa = PBXGroup;
			children = (
				D6471C1D2A2492340054EF34 /* 2.扫码打开小程序 */,
				D6471C1E2A2492340054EF34 /* 1.普通打开小程序 */,
				D6471C222A2496B60054EF34 /* FinStartAppletViewController.h */,
				D6471C232A2496B70054EF34 /* FinStartAppletViewController.m */,
			);
			path = "1.打开小程序";
			sourceTree = "<group>";
		};
		D6471C1D2A2492340054EF34 /* 2.扫码打开小程序 */ = {
			isa = PBXGroup;
			children = (
				D6471C2B2A25955C0054EF34 /* FinScanStartViewController.h */,
				D6471C2C2A25955C0054EF34 /* FinScanStartViewController.m */,
				D6471C2E2A2598150054EF34 /* FinQRCodeScanViewController.h */,
				D6471C2F2A2598150054EF34 /* FinQRCodeScanViewController.m */,
			);
			path = "2.扫码打开小程序";
			sourceTree = "<group>";
		};
		D6471C1E2A2492340054EF34 /* 1.普通打开小程序 */ = {
			isa = PBXGroup;
			children = (
				D6471C282A2595000054EF34 /* FinNormalStartViewController.h */,
				D6471C292A2595000054EF34 /* FinNormalStartViewController.m */,
			);
			path = "1.普通打开小程序";
			sourceTree = "<group>";
		};
		D6471C212A2492340054EF34 /* 4.api自定义 */ = {
			isa = PBXGroup;
			children = (
				D60E44C42A25C2E600F256B1 /* finclipLogin.zip */,
				D6471C312A25A36F0054EF34 /* FinCustomApiViewController.h */,
				D6471C322A25A36F0054EF34 /* FinCustomApiViewController.m */,
			);
			path = "4.api自定义";
			sourceTree = "<group>";
		};
		F49530F1C3FD683C1294DECF /* Frameworks */ = {
			isa = PBXGroup;
			children = (
				F92103C497B51062D53EACA4 /* libPods-FinDemo.a */,
			);
			name = Frameworks;
			sourceTree = "<group>";
		};
/* End PBXGroup section */

/* Begin PBXNativeTarget section */
		D6471BFB2A2485AC0054EF34 /* FinDemo */ = {
			isa = PBXNativeTarget;
			buildConfigurationList = D6471C152A2485AF0054EF34 /* Build configuration list for PBXNativeTarget "FinDemo" */;
			buildPhases = (
				F52F36A7EFE87448174DEB10 /* [CP] Check Pods Manifest.lock */,
				D6471BF82A2485AC0054EF34 /* Sources */,
				D6471BF92A2485AC0054EF34 /* Frameworks */,
				D6471BFA2A2485AC0054EF34 /* Resources */,
			);
			buildRules = (
			);
			dependencies = (
			);
			name = FinDemo;
			productName = FinDemo;
			productReference = D6471BFC2A2485AC0054EF34 /* FinDemo.app */;
			productType = "com.apple.product-type.application";
		};
/* End PBXNativeTarget section */

/* Begin PBXProject section */
		D6471BF42A2485AC0054EF34 /* Project object */ = {
			isa = PBXProject;
			attributes = {
				LastUpgradeCheck = 1310;
				TargetAttributes = {
					D6471BFB2A2485AC0054EF34 = {
						CreatedOnToolsVersion = 13.1;
					};
				};
			};
			buildConfigurationList = D6471BF72A2485AC0054EF34 /* Build configuration list for PBXProject "FinDemo" */;
			compatibilityVersion = "Xcode 13.0";
			developmentRegion = en;
			hasScannedForEncodings = 0;
			knownRegions = (
				en,
				Base,
			);
			mainGroup = D6471BF32A2485AC0054EF34;
			productRefGroup = D6471BFD2A2485AC0054EF34 /* Products */;
			projectDirPath = "";
			projectRoot = "";
			targets = (
				D6471BFB2A2485AC0054EF34 /* FinDemo */,
			);
		};
/* End PBXProject section */

/* Begin PBXResourcesBuildPhase section */
		D6471BFA2A2485AC0054EF34 /* Resources */ = {
			isa = PBXResourcesBuildPhase;
			buildActionMask = 2147483647;
			files = (
				D6471C0F2A2485AF0054EF34 /* LaunchScreen.storyboard in Resources */,
				D6471C0C2A2485AF0054EF34 /* Assets.xcassets in Resources */,
				D6471C0A2A2485AC0054EF34 /* Main.storyboard in Resources */,
				D60E44C52A25C2E700F256B1 /* finclipLogin.zip in Resources */,
			);
			runOnlyForDeploymentPostprocessing = 0;
		};
/* End PBXResourcesBuildPhase section */

/* Begin PBXShellScriptBuildPhase section */
		F52F36A7EFE87448174DEB10 /* [CP] Check Pods Manifest.lock */ = {
			isa = PBXShellScriptBuildPhase;
			buildActionMask = 2147483647;
			files = (
			);
			inputFileListPaths = (
			);
			inputPaths = (
				"${PODS_PODFILE_DIR_PATH}/Podfile.lock",
				"${PODS_ROOT}/Manifest.lock",
			);
			name = "[CP] Check Pods Manifest.lock";
			outputFileListPaths = (
			);
			outputPaths = (
				"$(DERIVED_FILE_DIR)/Pods-FinDemo-checkManifestLockResult.txt",
			);
			runOnlyForDeploymentPostprocessing = 0;
			shellPath = /bin/sh;
			shellScript = "diff \"${PODS_PODFILE_DIR_PATH}/Podfile.lock\" \"${PODS_ROOT}/Manifest.lock\" > /dev/null\nif [ $? != 0 ] ; then\n    # print error to STDERR\n    echo \"error: The sandbox is not in sync with the Podfile.lock. Run 'pod install' or update your CocoaPods installation.\" >&2\n    exit 1\nfi\n# This output is used by Xcode 'outputs' to avoid re-running this script phase.\necho \"SUCCESS\" > \"${SCRIPT_OUTPUT_FILE_0}\"\n";
			showEnvVarsInLog = 0;
		};
/* End PBXShellScriptBuildPhase section */

/* Begin PBXSourcesBuildPhase section */
		D6471BF82A2485AC0054EF34 /* Sources */ = {
			isa = PBXSourcesBuildPhase;
			buildActionMask = 2147483647;
			files = (
				D6471C332A25A36F0054EF34 /* FinCustomApiViewController.m in Sources */,
				D6471C072A2485AC0054EF34 /* ViewController.m in Sources */,
				D60E44C82A25C56600F256B1 /* FinDelegateViewController.m in Sources */,
				D6471C242A2496B70054EF34 /* FinStartAppletViewController.m in Sources */,
				D60E44C32A25BFF500F256B1 /* FinCustomUIViewController.m in Sources */,
				D6471C2D2A25955C0054EF34 /* FinScanStartViewController.m in Sources */,
				D6471C2A2A2595000054EF34 /* FinNormalStartViewController.m in Sources */,
				D6471C012A2485AC0054EF34 /* AppDelegate.m in Sources */,
				D6471C122A2485AF0054EF34 /* main.m in Sources */,
				D6471C272A2496E30054EF34 /* FinManageViewController.m in Sources */,
				D6471C302A2598150054EF34 /* FinQRCodeScanViewController.m in Sources */,
			);
			runOnlyForDeploymentPostprocessing = 0;
		};
/* End PBXSourcesBuildPhase section */

/* Begin PBXVariantGroup section */
		D6471C082A2485AC0054EF34 /* Main.storyboard */ = {
			isa = PBXVariantGroup;
			children = (
				D6471C092A2485AC0054EF34 /* Base */,
			);
			name = Main.storyboard;
			sourceTree = "<group>";
		};
		D6471C0D2A2485AF0054EF34 /* LaunchScreen.storyboard */ = {
			isa = PBXVariantGroup;
			children = (
				D6471C0E2A2485AF0054EF34 /* Base */,
			);
			name = LaunchScreen.storyboard;
			sourceTree = "<group>";
		};
/* End PBXVariantGroup section */

/* Begin XCBuildConfiguration section */
		D6471C132A2485AF0054EF34 /* Debug */ = {
			isa = XCBuildConfiguration;
			buildSettings = {
				ALWAYS_SEARCH_USER_PATHS = NO;
				CLANG_ANALYZER_NONNULL = YES;
				CLANG_ANALYZER_NUMBER_OBJECT_CONVERSION = YES_AGGRESSIVE;
				CLANG_CXX_LANGUAGE_STANDARD = "gnu++17";
				CLANG_CXX_LIBRARY = "libc++";
				CLANG_ENABLE_MODULES = YES;
				CLANG_ENABLE_OBJC_ARC = YES;
				CLANG_ENABLE_OBJC_WEAK = YES;
				CLANG_WARN_BLOCK_CAPTURE_AUTORELEASING = YES;
				CLANG_WARN_BOOL_CONVERSION = YES;
				CLANG_WARN_COMMA = YES;
				CLANG_WARN_CONSTANT_CONVERSION = YES;
				CLANG_WARN_DEPRECATED_OBJC_IMPLEMENTATIONS = YES;
				CLANG_WARN_DIRECT_OBJC_ISA_USAGE = YES_ERROR;
				CLANG_WARN_DOCUMENTATION_COMMENTS = YES;
				CLANG_WARN_EMPTY_BODY = YES;
				CLANG_WARN_ENUM_CONVERSION = YES;
				CLANG_WARN_INFINITE_RECURSION = YES;
				CLANG_WARN_INT_CONVERSION = YES;
				CLANG_WARN_NON_LITERAL_NULL_CONVERSION = YES;
				CLANG_WARN_OBJC_IMPLICIT_RETAIN_SELF = YES;
				CLANG_WARN_OBJC_LITERAL_CONVERSION = YES;
				CLANG_WARN_OBJC_ROOT_CLASS = YES_ERROR;
				CLANG_WARN_QUOTED_INCLUDE_IN_FRAMEWORK_HEADER = YES;
				CLANG_WARN_RANGE_LOOP_ANALYSIS = YES;
				CLANG_WARN_STRICT_PROTOTYPES = YES;
				CLANG_WARN_SUSPICIOUS_MOVE = YES;
				CLANG_WARN_UNGUARDED_AVAILABILITY = YES_AGGRESSIVE;
				CLANG_WARN_UNREACHABLE_CODE = YES;
				CLANG_WARN__DUPLICATE_METHOD_MATCH = YES;
				COPY_PHASE_STRIP = NO;
				DEBUG_INFORMATION_FORMAT = dwarf;
				ENABLE_STRICT_OBJC_MSGSEND = YES;
				ENABLE_TESTABILITY = YES;
				GCC_C_LANGUAGE_STANDARD = gnu11;
				GCC_DYNAMIC_NO_PIC = NO;
				GCC_NO_COMMON_BLOCKS = YES;
				GCC_OPTIMIZATION_LEVEL = 0;
				GCC_PREPROCESSOR_DEFINITIONS = (
					"DEBUG=1",
					"$(inherited)",
				);
				GCC_WARN_64_TO_32_BIT_CONVERSION = YES;
				GCC_WARN_ABOUT_RETURN_TYPE = YES_ERROR;
				GCC_WARN_UNDECLARED_SELECTOR = YES;
				GCC_WARN_UNINITIALIZED_AUTOS = YES_AGGRESSIVE;
				GCC_WARN_UNUSED_FUNCTION = YES;
				GCC_WARN_UNUSED_VARIABLE = YES;
				IPHONEOS_DEPLOYMENT_TARGET = 15.0;
				MTL_ENABLE_DEBUG_INFO = INCLUDE_SOURCE;
				MTL_FAST_MATH = YES;
				ONLY_ACTIVE_ARCH = YES;
				SDKROOT = iphoneos;
			};
			name = Debug;
		};
		D6471C142A2485AF0054EF34 /* Release */ = {
			isa = XCBuildConfiguration;
			buildSettings = {
				ALWAYS_SEARCH_USER_PATHS = NO;
				CLANG_ANALYZER_NONNULL = YES;
				CLANG_ANALYZER_NUMBER_OBJECT_CONVERSION = YES_AGGRESSIVE;
				CLANG_CXX_LANGUAGE_STANDARD = "gnu++17";
				CLANG_CXX_LIBRARY = "libc++";
				CLANG_ENABLE_MODULES = YES;
				CLANG_ENABLE_OBJC_ARC = YES;
				CLANG_ENABLE_OBJC_WEAK = YES;
				CLANG_WARN_BLOCK_CAPTURE_AUTORELEASING = YES;
				CLANG_WARN_BOOL_CONVERSION = YES;
				CLANG_WARN_COMMA = YES;
				CLANG_WARN_CONSTANT_CONVERSION = YES;
				CLANG_WARN_DEPRECATED_OBJC_IMPLEMENTATIONS = YES;
				CLANG_WARN_DIRECT_OBJC_ISA_USAGE = YES_ERROR;
				CLANG_WARN_DOCUMENTATION_COMMENTS = YES;
				CLANG_WARN_EMPTY_BODY = YES;
				CLANG_WARN_ENUM_CONVERSION = YES;
				CLANG_WARN_INFINITE_RECURSION = YES;
				CLANG_WARN_INT_CONVERSION = YES;
				CLANG_WARN_NON_LITERAL_NULL_CONVERSION = YES;
				CLANG_WARN_OBJC_IMPLICIT_RETAIN_SELF = YES;
				CLANG_WARN_OBJC_LITERAL_CONVERSION = YES;
				CLANG_WARN_OBJC_ROOT_CLASS = YES_ERROR;
				CLANG_WARN_QUOTED_INCLUDE_IN_FRAMEWORK_HEADER = YES;
				CLANG_WARN_RANGE_LOOP_ANALYSIS = YES;
				CLANG_WARN_STRICT_PROTOTYPES = YES;
				CLANG_WARN_SUSPICIOUS_MOVE = YES;
				CLANG_WARN_UNGUARDED_AVAILABILITY = YES_AGGRESSIVE;
				CLANG_WARN_UNREACHABLE_CODE = YES;
				CLANG_WARN__DUPLICATE_METHOD_MATCH = YES;
				COPY_PHASE_STRIP = NO;
				DEBUG_INFORMATION_FORMAT = "dwarf-with-dsym";
				ENABLE_NS_ASSERTIONS = NO;
				ENABLE_STRICT_OBJC_MSGSEND = YES;
				GCC_C_LANGUAGE_STANDARD = gnu11;
				GCC_NO_COMMON_BLOCKS = YES;
				GCC_WARN_64_TO_32_BIT_CONVERSION = YES;
				GCC_WARN_ABOUT_RETURN_TYPE = YES_ERROR;
				GCC_WARN_UNDECLARED_SELECTOR = YES;
				GCC_WARN_UNINITIALIZED_AUTOS = YES_AGGRESSIVE;
				GCC_WARN_UNUSED_FUNCTION = YES;
				GCC_WARN_UNUSED_VARIABLE = YES;
				IPHONEOS_DEPLOYMENT_TARGET = 15.0;
				MTL_ENABLE_DEBUG_INFO = NO;
				MTL_FAST_MATH = YES;
				SDKROOT = iphoneos;
				VALIDATE_PRODUCT = YES;
			};
			name = Release;
		};
		D6471C162A2485AF0054EF34 /* Debug */ = {
			isa = XCBuildConfiguration;
			baseConfigurationReference = C5CA001A70332B91FE135258 /* Pods-FinDemo.debug.xcconfig */;
			buildSettings = {
				ASSETCATALOG_COMPILER_APPICON_NAME = AppIcon;
				ASSETCATALOG_COMPILER_GLOBAL_ACCENT_COLOR_NAME = AccentColor;
				CODE_SIGN_STYLE = Automatic;
				CURRENT_PROJECT_VERSION = 1;
				DEVELOPMENT_TEAM = M6UWNQYZ59;
				ENABLE_BITCODE = NO;
				GENERATE_INFOPLIST_FILE = YES;
				INFOPLIST_FILE = FinDemo/Info.plist;
				INFOPLIST_KEY_UIApplicationSupportsIndirectInputEvents = YES;
				INFOPLIST_KEY_UILaunchStoryboardName = LaunchScreen;
				INFOPLIST_KEY_UIMainStoryboardFile = Main;
				INFOPLIST_KEY_UISupportedInterfaceOrientations_iPad = "UIInterfaceOrientationPortrait UIInterfaceOrientationPortraitUpsideDown UIInterfaceOrientationLandscapeLeft UIInterfaceOrientationLandscapeRight";
				INFOPLIST_KEY_UISupportedInterfaceOrientations_iPhone = "UIInterfaceOrientationPortrait UIInterfaceOrientationLandscapeLeft UIInterfaceOrientationLandscapeRight";
				IPHONEOS_DEPLOYMENT_TARGET = 9.0;
				LD_RUNPATH_SEARCH_PATHS = (
					"$(inherited)",
					"@executable_path/Frameworks",
				);
				MARKETING_VERSION = 1.0;
				PRODUCT_BUNDLE_IDENTIFIER = com.finogeeks.finclip.demo;
				PRODUCT_NAME = "$(TARGET_NAME)";
				SWIFT_EMIT_LOC_STRINGS = YES;
				TARGETED_DEVICE_FAMILY = "1,2";
			};
			name = Debug;
		};
		D6471C172A2485AF0054EF34 /* Release */ = {
			isa = XCBuildConfiguration;
			baseConfigurationReference = 5D8C9A62395C924AC1334F55 /* Pods-FinDemo.release.xcconfig */;
			buildSettings = {
				ASSETCATALOG_COMPILER_APPICON_NAME = AppIcon;
				ASSETCATALOG_COMPILER_GLOBAL_ACCENT_COLOR_NAME = AccentColor;
				CODE_SIGN_STYLE = Automatic;
				CURRENT_PROJECT_VERSION = 1;
				DEVELOPMENT_TEAM = M6UWNQYZ59;
				ENABLE_BITCODE = NO;
				GENERATE_INFOPLIST_FILE = YES;
				INFOPLIST_FILE = FinDemo/Info.plist;
				INFOPLIST_KEY_UIApplicationSupportsIndirectInputEvents = YES;
				INFOPLIST_KEY_UILaunchStoryboardName = LaunchScreen;
				INFOPLIST_KEY_UIMainStoryboardFile = Main;
				INFOPLIST_KEY_UISupportedInterfaceOrientations_iPad = "UIInterfaceOrientationPortrait UIInterfaceOrientationPortraitUpsideDown UIInterfaceOrientationLandscapeLeft UIInterfaceOrientationLandscapeRight";
				INFOPLIST_KEY_UISupportedInterfaceOrientations_iPhone = "UIInterfaceOrientationPortrait UIInterfaceOrientationLandscapeLeft UIInterfaceOrientationLandscapeRight";
				IPHONEOS_DEPLOYMENT_TARGET = 9.0;
				LD_RUNPATH_SEARCH_PATHS = (
					"$(inherited)",
					"@executable_path/Frameworks",
				);
				MARKETING_VERSION = 1.0;
				PRODUCT_BUNDLE_IDENTIFIER = com.finogeeks.finclip.demo;
				PRODUCT_NAME = "$(TARGET_NAME)";
				SWIFT_EMIT_LOC_STRINGS = YES;
				TARGETED_DEVICE_FAMILY = "1,2";
			};
			name = Release;
		};
/* End XCBuildConfiguration section */

/* Begin XCConfigurationList section */
		D6471BF72A2485AC0054EF34 /* Build configuration list for PBXProject "FinDemo" */ = {
			isa = XCConfigurationList;
			buildConfigurations = (
				D6471C132A2485AF0054EF34 /* Debug */,
				D6471C142A2485AF0054EF34 /* Release */,
			);
			defaultConfigurationIsVisible = 0;
			defaultConfigurationName = Release;
		};
		D6471C152A2485AF0054EF34 /* Build configuration list for PBXNativeTarget "FinDemo" */ = {
			isa = XCConfigurationList;
			buildConfigurations = (
				D6471C162A2485AF0054EF34 /* Debug */,
				D6471C172A2485AF0054EF34 /* Release */,
			);
			defaultConfigurationIsVisible = 0;
			defaultConfigurationName = Release;
		};
/* End XCConfigurationList section */
	};
	rootObject = D6471BF42A2485AC0054EF34 /* Project object */;
}
